
Microsoft Visual Studio Solution File, Format Version 12.00
# Visual Studio Version 16
VisualStudioVersion = 16.0.28729.10
MinimumVisualStudioVersion = 10.0.40219.1
Project("{2150E333-8FDC-42A3-9474-1A3956D46DE8}") = "src", "src", "{60662102-4523-441E-8D6C-D87A3246C648}"
EndProject
Project("{2150E333-8FDC-42A3-9474-1A3956D46DE8}") = "tests", "tests", "{BDAFF1CB-8E53-412B-B389-42A15343C7A3}"
EndProject
Project("{2150E333-8FDC-42A3-9474-1A3956D46DE8}") = "sandbox", "sandbox", "{FFAA235C-D30F-4958-BC4E-60CD08979464}"
EndProject
Project("{2150E333-8FDC-42A3-9474-1A3956D46DE8}") = "nuget", "nuget", "{FA5932B4-5B60-40CC-8C57-2EDDB88EE512}"
	ProjectSection(SolutionItems) = preProject
		.gitignore = .gitignore
		nuget\MasterMemory.nuspec = nuget\MasterMemory.nuspec
		nuget\pack.bat = nuget\pack.bat
		nuget\push.bat = nuget\push.bat
		README.md = README.md
	EndProjectSection
EndProject
Project("{9A19103F-16F7-4668-BE54-9A1E7A4F7556}") = "MasterMemory", "src\MasterMemory\MasterMemory.csproj", "{F1164FFB-91C6-444F-B3B6-34B354996E14}"
EndProject
Project("{FAE04EC0-301F-11D3-BF4B-00C04F79EFBC}") = "MasterMemory.Tests", "tests\MasterMemory.Tests\MasterMemory.Tests.csproj", "{DC77541C-7063-47B8-A5EE-0CEE36EC7A6F}"
EndProject
Project("{FAE04EC0-301F-11D3-BF4B-00C04F79EFBC}") = "PerfTest", "sandbox\PerfTest\PerfTest.csproj", "{36EF0213-98F0-40F5-978F-EAEFF0F8FC42}"
EndProject
Project("{FAE04EC0-301F-11D3-BF4B-00C04F79EFBC}") = "MasterMemory.CodeGenerator", "src\MasterMemory.CodeGenerator\MasterMemory.CodeGenerator.csproj", "{A937F794-5766-4281-B44D-979E0F0EE46B}"
EndProject
Project("{9A19103F-16F7-4668-BE54-9A1E7A4F7556}") = "MasterMemory2", "src\MasterMemory2\MasterMemory2.csproj", "{D2720BBB-C233-4A1E-9768-1F00C9602180}"
EndProject
Project("{FAE04EC0-301F-11D3-BF4B-00C04F79EFBC}") = "MasterMemory.Tests2", "tests\MasterMemory.Tests2\MasterMemory.Tests2.csproj", "{8C5EBACA-C6C7-463B-B85C-C6A05E5DEB9F}"
EndProject
Project("{FAE04EC0-301F-11D3-BF4B-00C04F79EFBC}") = "MasterMemory.Annotations", "src\MasterMemory.Annotations\MasterMemory.Annotations.csproj", "{A13F40DD-7777-4E97-9FC4-6324722CA964}"
EndProject
Global
	GlobalSection(SolutionConfigurationPlatforms) = preSolution
		Debug|Any CPU = Debug|Any CPU
		Release|Any CPU = Release|Any CPU
	EndGlobalSection
	GlobalSection(ProjectConfigurationPlatforms) = postSolution
		{F1164FFB-91C6-444F-B3B6-34B354996E14}.Debug|Any CPU.ActiveCfg = Debug|Any CPU
		{F1164FFB-91C6-444F-B3B6-34B354996E14}.Debug|Any CPU.Build.0 = Debug|Any CPU
		{F1164FFB-91C6-444F-B3B6-34B354996E14}.Release|Any CPU.ActiveCfg = Release|Any CPU
		{F1164FFB-91C6-444F-B3B6-34B354996E14}.Release|Any CPU.Build.0 = Release|Any CPU
		{DC77541C-7063-47B8-A5EE-0CEE36EC7A6F}.Debug|Any CPU.ActiveCfg = Debug|Any CPU
		{DC77541C-7063-47B8-A5EE-0CEE36EC7A6F}.Debug|Any CPU.Build.0 = Debug|Any CPU
		{DC77541C-7063-47B8-A5EE-0CEE36EC7A6F}.Release|Any CPU.ActiveCfg = Release|Any CPU
		{DC77541C-7063-47B8-A5EE-0CEE36EC7A6F}.Release|Any CPU.Build.0 = Release|Any CPU
		{36EF0213-98F0-40F5-978F-EAEFF0F8FC42}.Debug|Any CPU.ActiveCfg = Debug|Any CPU
		{36EF0213-98F0-40F5-978F-EAEFF0F8FC42}.Debug|Any CPU.Build.0 = Debug|Any CPU
		{36EF0213-98F0-40F5-978F-EAEFF0F8FC42}.Release|Any CPU.ActiveCfg = Release|Any CPU
		{36EF0213-98F0-40F5-978F-EAEFF0F8FC42}.Release|Any CPU.Build.0 = Release|Any CPU
		{A937F794-5766-4281-B44D-979E0F0EE46B}.Debug|Any CPU.ActiveCfg = Debug|Any CPU
		{A937F794-5766-4281-B44D-979E0F0EE46B}.Debug|Any CPU.Build.0 = Debug|Any CPU
		{A937F794-5766-4281-B44D-979E0F0EE46B}.Release|Any CPU.ActiveCfg = Release|Any CPU
		{A937F794-5766-4281-B44D-979E0F0EE46B}.Release|Any CPU.Build.0 = Release|Any CPU
		{D2720BBB-C233-4A1E-9768-1F00C9602180}.Debug|Any CPU.ActiveCfg = Debug|Any CPU
		{D2720BBB-C233-4A1E-9768-1F00C9602180}.Debug|Any CPU.Build.0 = Debug|Any CPU
		{D2720BBB-C233-4A1E-9768-1F00C9602180}.Release|Any CPU.ActiveCfg = Release|Any CPU
		{D2720BBB-C233-4A1E-9768-1F00C9602180}.Release|Any CPU.Build.0 = Release|Any CPU
		{8C5EBACA-C6C7-463B-B85C-C6A05E5DEB9F}.Debug|Any CPU.ActiveCfg = Debug|Any CPU
		{8C5EBACA-C6C7-463B-B85C-C6A05E5DEB9F}.Debug|Any CPU.Build.0 = Debug|Any CPU
		{8C5EBACA-C6C7-463B-B85C-C6A05E5DEB9F}.Release|Any CPU.ActiveCfg = Release|Any CPU
		{8C5EBACA-C6C7-463B-B85C-C6A05E5DEB9F}.Release|Any CPU.Build.0 = Release|Any CPU
		{A13F40DD-7777-4E97-9FC4-6324722CA964}.Debug|Any CPU.ActiveCfg = Debug|Any CPU
		{A13F40DD-7777-4E97-9FC4-6324722CA964}.Debug|Any CPU.Build.0 = Debug|Any CPU
		{A13F40DD-7777-4E97-9FC4-6324722CA964}.Release|Any CPU.ActiveCfg = Release|Any CPU
		{A13F40DD-7777-4E97-9FC4-6324722CA964}.Release|Any CPU.Build.0 = Release|Any CPU
	EndGlobalSection
	GlobalSection(SolutionProperties) = preSolution
		HideSolutionNode = FALSE
	EndGlobalSection
	GlobalSection(NestedProjects) = preSolution
		{F1164FFB-91C6-444F-B3B6-34B354996E14} = {60662102-4523-441E-8D6C-D87A3246C648}
		{DC77541C-7063-47B8-A5EE-0CEE36EC7A6F} = {BDAFF1CB-8E53-412B-B389-42A15343C7A3}
		{36EF0213-98F0-40F5-978F-EAEFF0F8FC42} = {FFAA235C-D30F-4958-BC4E-60CD08979464}
		{A937F794-5766-4281-B44D-979E0F0EE46B} = {60662102-4523-441E-8D6C-D87A3246C648}
		{D2720BBB-C233-4A1E-9768-1F00C9602180} = {60662102-4523-441E-8D6C-D87A3246C648}
		{8C5EBACA-C6C7-463B-B85C-C6A05E5DEB9F} = {BDAFF1CB-8E53-412B-B389-42A15343C7A3}
		{A13F40DD-7777-4E97-9FC4-6324722CA964} = {60662102-4523-441E-8D6C-D87A3246C648}
	EndGlobalSection
	GlobalSection(ExtensibilityGlobals) = postSolution
		SolutionGuid = {0121A3C4-6AE0-4622-BE04-05D9A3E729AC}
	EndGlobalSection
EndGlobal
